
Microsoft Visual Studio Solution File, Format Version 12.00
# Visual Studio 15
VisualStudioVersion = 15.0.28010.2026
MinimumVisualStudioVersion = 10.0.40219.1
Project("{FAE04EC0-301F-11D3-BF4B-00C04F79EFBC}") = "PonyChallenge.Android", "PonyChallenge\PonyChallenge.Android\PonyChallenge.Android.csproj", "{2436F726-4316-4BA7-8EB9-04BB46C43392}"
EndProject
Project("{FAE04EC0-301F-11D3-BF4B-00C04F79EFBC}") = "PonyChallenge.iOS", "PonyChallenge\PonyChallenge.iOS\PonyChallenge.iOS.csproj", "{B8EAA241-1BCB-4D0B-96B0-29C242AEC333}"
EndProject
Project("{FAE04EC0-301F-11D3-BF4B-00C04F79EFBC}") = "PonyChallenge.UWP", "PonyChallenge\PonyChallenge.UWP\PonyChallenge.UWP.csproj", "{A7E3B6EF-882C-4E7E-A9C1-49FD1F4226BF}"
EndProject
Project("{FAE04EC0-301F-11D3-BF4B-00C04F79EFBC}") = "PonyChallenge", "PonyChallenge\PonyChallenge\PonyChallenge.csproj", "{B05F7061-2A62-4023-A730-64048A86C496}"
EndProject
Global
	GlobalSection(SolutionConfigurationPlatforms) = preSolution
		Ad-Hoc|Any CPU = Ad-Hoc|Any CPU
		Ad-Hoc|ARM = Ad-Hoc|ARM
		Ad-Hoc|iPhone = Ad-Hoc|iPhone
		Ad-Hoc|iPhoneSimulator = Ad-Hoc|iPhoneSimulator
		Ad-Hoc|x64 = Ad-Hoc|x64
		Ad-Hoc|x86 = Ad-Hoc|x86
		AppStore|Any CPU = AppStore|Any CPU
		AppStore|ARM = AppStore|ARM
		AppStore|iPhone = AppStore|iPhone
		AppStore|iPhoneSimulator = AppStore|iPhoneSimulator
		AppStore|x64 = AppStore|x64
		AppStore|x86 = AppStore|x86
		Debug|Any CPU = Debug|Any CPU
		Debug|ARM = Debug|ARM
		Debug|iPhone = Debug|iPhone
		Debug|iPhoneSimulator = Debug|iPhoneSimulator
		Debug|x64 = Debug|x64
		Debug|x86 = Debug|x86
		Release|Any CPU = Release|Any CPU
		Release|ARM = Release|ARM
		Release|iPhone = Release|iPhone
		Release|iPhoneSimulator = Release|iPhoneSimulator
		Release|x64 = Release|x64
		Release|x86 = Release|x86
	EndGlobalSection
	GlobalSection(ProjectConfigurationPlatforms) = postSolution
		{2436F726-4316-4BA7-8EB9-04BB46C43392}.Ad-Hoc|Any CPU.ActiveCfg = Release|Any CPU
		{2436F726-4316-4BA7-8EB9-04BB46C43392}.Ad-Hoc|Any CPU.Build.0 = Release|Any CPU
		{2436F726-4316-4BA7-8EB9-04BB46C43392}.Ad-Hoc|Any CPU.Deploy.0 = Release|Any CPU
		{2436F726-4316-4BA7-8EB9-04BB46C43392}.Ad-Hoc|ARM.ActiveCfg = Release|Any CPU
		{2436F726-4316-4BA7-8EB9-04BB46C43392}.Ad-Hoc|ARM.Build.0 = Release|Any CPU
		{2436F726-4316-4BA7-8EB9-04BB46C43392}.Ad-Hoc|ARM.Deploy.0 = Release|Any CPU
		{2436F726-4316-4BA7-8EB9-04BB46C43392}.Ad-Hoc|iPhone.ActiveCfg = Release|Any CPU
		{2436F726-4316-4BA7-8EB9-04BB46C43392}.Ad-Hoc|iPhone.Build.0 = Release|Any CPU
		{2436F726-4316-4BA7-8EB9-04BB46C43392}.Ad-Hoc|iPhone.Deploy.0 = Release|Any CPU
		{2436F726-4316-4BA7-8EB9-04BB46C43392}.Ad-Hoc|iPhoneSimulator.ActiveCfg = Release|Any CPU
		{2436F726-4316-4BA7-8EB9-04BB46C43392}.Ad-Hoc|iPhoneSimulator.Build.0 = Release|Any CPU
		{2436F726-4316-4BA7-8EB9-04BB46C43392}.Ad-Hoc|iPhoneSimulator.Deploy.0 = Release|Any CPU
		{2436F726-4316-4BA7-8EB9-04BB46C43392}.Ad-Hoc|x64.ActiveCfg = Release|Any CPU
		{2436F726-4316-4BA7-8EB9-04BB46C43392}.Ad-Hoc|x64.Build.0 = Release|Any CPU
		{2436F726-4316-4BA7-8EB9-04BB46C43392}.Ad-Hoc|x64.Deploy.0 = Release|Any CPU
		{2436F726-4316-4BA7-8EB9-04BB46C43392}.Ad-Hoc|x86.ActiveCfg = Release|Any CPU
		{2436F726-4316-4BA7-8EB9-04BB46C43392}.Ad-Hoc|x86.Build.0 = Release|Any CPU
		{2436F726-4316-4BA7-8EB9-04BB46C43392}.Ad-Hoc|x86.Deploy.0 = Release|Any CPU
		{2436F726-4316-4BA7-8EB9-04BB46C43392}.AppStore|Any CPU.ActiveCfg = Release|Any CPU
		{2436F726-4316-4BA7-8EB9-04BB46C43392}.AppStore|Any CPU.Build.0 = Release|Any CPU
		{2436F726-4316-4BA7-8EB9-04BB46C43392}.AppStore|Any CPU.Deploy.0 = Release|Any CPU
		{2436F726-4316-4BA7-8EB9-04BB46C43392}.AppStore|ARM.ActiveCfg = Release|Any CPU
		{2436F726-4316-4BA7-8EB9-04BB46C43392}.AppStore|ARM.Build.0 = Release|Any CPU
		{2436F726-4316-4BA7-8EB9-04BB46C43392}.AppStore|ARM.Deploy.0 = Release|Any CPU
		{2436F726-4316-4BA7-8EB9-04BB46C43392}.AppStore|iPhone.ActiveCfg = Release|Any CPU
		{2436F726-4316-4BA7-8EB9-04BB46C43392}.AppStore|iPhone.Build.0 = Release|Any CPU
		{2436F726-4316-4BA7-8EB9-04BB46C43392}.AppStore|iPhone.Deploy.0 = Release|Any CPU
		{2436F726-4316-4BA7-8EB9-04BB46C43392}.AppStore|iPhoneSimulator.ActiveCfg = Release|Any CPU
		{2436F726-4316-4BA7-8EB9-04BB46C43392}.AppStore|iPhoneSimulator.Build.0 = Release|Any CPU
		{2436F726-4316-4BA7-8EB9-04BB46C43392}.AppStore|iPhoneSimulator.Deploy.0 = Release|Any CPU
		{2436F726-4316-4BA7-8EB9-04BB46C43392}.AppStore|x64.ActiveCfg = Release|Any CPU
		{2436F726-4316-4BA7-8EB9-04BB46C43392}.AppStore|x64.Build.0 = Release|Any CPU
		{2436F726-4316-4BA7-8EB9-04BB46C43392}.AppStore|x64.Deploy.0 = Release|Any CPU
		{2436F726-4316-4BA7-8EB9-04BB46C43392}.AppStore|x86.ActiveCfg = Release|Any CPU
		{2436F726-4316-4BA7-8EB9-04BB46C43392}.AppStore|x86.Build.0 = Release|Any CPU
		{2436F726-4316-4BA7-8EB9-04BB46C43392}.AppStore|x86.Deploy.0 = Release|Any CPU
		{2436F726-4316-4BA7-8EB9-04BB46C43392}.Debug|Any CPU.ActiveCfg = Debug|Any CPU
		{2436F726-4316-4BA7-8EB9-04BB46C43392}.Debug|Any CPU.Build.0 = Debug|Any CPU
		{2436F726-4316-4BA7-8EB9-04BB46C43392}.Debug|Any CPU.Deploy.0 = Debug|Any CPU
		{2436F726-4316-4BA7-8EB9-04BB46C43392}.Debug|ARM.ActiveCfg = Debug|Any CPU
		{2436F726-4316-4BA7-8EB9-04BB46C43392}.Debug|ARM.Build.0 = Debug|Any CPU
		{2436F726-4316-4BA7-8EB9-04BB46C43392}.Debug|ARM.Deploy.0 = Debug|Any CPU
		{2436F726-4316-4BA7-8EB9-04BB46C43392}.Debug|iPhone.ActiveCfg = Debug|Any CPU
		{2436F726-4316-4BA7-8EB9-04BB46C43392}.Debug|iPhone.Build.0 = Debug|Any CPU
		{2436F726-4316-4BA7-8EB9-04BB46C43392}.Debug|iPhone.Deploy.0 = Debug|Any CPU
		{2436F726-4316-4BA7-8EB9-04BB46C43392}.Debug|iPhoneSimulator.ActiveCfg = Debug|Any CPU
		{2436F726-4316-4BA7-8EB9-04BB46C43392}.Debug|iPhoneSimulator.Build.0 = Debug|Any CPU
		{2436F726-4316-4BA7-8EB9-04BB46C43392}.Debug|iPhoneSimulator.Deploy.0 = Debug|Any CPU
		{2436F726-4316-4BA7-8EB9-04BB46C43392}.Debug|x64.ActiveCfg = Debug|Any CPU
		{2436F726-4316-4BA7-8EB9-04BB46C43392}.Debug|x64.Build.0 = Debug|Any CPU
		{2436F726-4316-4BA7-8EB9-04BB46C43392}.Debug|x64.Deploy.0 = Debug|Any CPU
		{2436F726-4316-4BA7-8EB9-04BB46C43392}.Debug|x86.ActiveCfg = Debug|Any CPU
		{2436F726-4316-4BA7-8EB9-04BB46C43392}.Debug|x86.Build.0 = Debug|Any CPU
		{2436F726-4316-4BA7-8EB9-04BB46C43392}.Debug|x86.Deploy.0 = Debug|Any CPU
		{2436F726-4316-4BA7-8EB9-04BB46C43392}.Release|Any CPU.ActiveCfg = Release|Any CPU
		{2436F726-4316-4BA7-8EB9-04BB46C43392}.Release|Any CPU.Build.0 = Release|Any CPU
		{2436F726-4316-4BA7-8EB9-04BB46C43392}.Release|Any CPU.Deploy.0 = Release|Any CPU
		{2436F726-4316-4BA7-8EB9-04BB46C43392}.Release|ARM.ActiveCfg = Release|Any CPU
		{2436F726-4316-4BA7-8EB9-04BB46C43392}.Release|ARM.Build.0 = Release|Any CPU
		{2436F726-4316-4BA7-8EB9-04BB46C43392}.Release|ARM.Deploy.0 = Release|Any CPU
		{2436F726-4316-4BA7-8EB9-04BB46C43392}.Release|iPhone.ActiveCfg = Release|Any CPU
		{2436F726-4316-4BA7-8EB9-04BB46C43392}.Release|iPhone.Build.0 = Release|Any CPU
		{2436F726-4316-4BA7-8EB9-04BB46C43392}.Release|iPhone.Deploy.0 = Release|Any CPU
		{2436F726-4316-4BA7-8EB9-04BB46C43392}.Release|iPhoneSimulator.ActiveCfg = Release|Any CPU
		{2436F726-4316-4BA7-8EB9-04BB46C43392}.Release|iPhoneSimulator.Build.0 = Release|Any CPU
		{2436F726-4316-4BA7-8EB9-04BB46C43392}.Release|iPhoneSimulator.Deploy.0 = Release|Any CPU
		{2436F726-4316-4BA7-8EB9-04BB46C43392}.Release|x64.ActiveCfg = Release|Any CPU
		{2436F726-4316-4BA7-8EB9-04BB46C43392}.Release|x64.Build.0 = Release|Any CPU
		{2436F726-4316-4BA7-8EB9-04BB46C43392}.Release|x64.Deploy.0 = Release|Any CPU
		{2436F726-4316-4BA7-8EB9-04BB46C43392}.Release|x86.ActiveCfg = Release|Any CPU
		{2436F726-4316-4BA7-8EB9-04BB46C43392}.Release|x86.Build.0 = Release|Any CPU
		{2436F726-4316-4BA7-8EB9-04BB46C43392}.Release|x86.Deploy.0 = Release|Any CPU
		{B8EAA241-1BCB-4D0B-96B0-29C242AEC333}.Ad-Hoc|Any CPU.ActiveCfg = Ad-Hoc|iPhone
		{B8EAA241-1BCB-4D0B-96B0-29C242AEC333}.Ad-Hoc|Any CPU.Build.0 = Ad-Hoc|iPhone
		{B8EAA241-1BCB-4D0B-96B0-29C242AEC333}.Ad-Hoc|Any CPU.Deploy.0 = Ad-Hoc|iPhone
		{B8EAA241-1BCB-4D0B-96B0-29C242AEC333}.Ad-Hoc|ARM.ActiveCfg = Ad-Hoc|iPhone
		{B8EAA241-1BCB-4D0B-96B0-29C242AEC333}.Ad-Hoc|ARM.Build.0 = Ad-Hoc|iPhone
		{B8EAA241-1BCB-4D0B-96B0-29C242AEC333}.Ad-Hoc|ARM.Deploy.0 = Ad-Hoc|iPhone
		{B8EAA241-1BCB-4D0B-96B0-29C242AEC333}.Ad-Hoc|iPhone.ActiveCfg = Ad-Hoc|iPhone
		{B8EAA241-1BCB-4D0B-96B0-29C242AEC333}.Ad-Hoc|iPhone.Build.0 = Ad-Hoc|iPhone
		{B8EAA241-1BCB-4D0B-96B0-29C242AEC333}.Ad-Hoc|iPhone.Deploy.0 = Ad-Hoc|iPhone
		{B8EAA241-1BCB-4D0B-96B0-29C242AEC333}.Ad-Hoc|iPhoneSimulator.ActiveCfg = Ad-Hoc|iPhoneSimulator
		{B8EAA241-1BCB-4D0B-96B0-29C242AEC333}.Ad-Hoc|iPhoneSimulator.Build.0 = Ad-Hoc|iPhoneSimulator
		{B8EAA241-1BCB-4D0B-96B0-29C242AEC333}.Ad-Hoc|iPhoneSimulator.Deploy.0 = Ad-Hoc|iPhoneSimulator
		{B8EAA241-1BCB-4D0B-96B0-29C242AEC333}.Ad-Hoc|x64.ActiveCfg = Ad-Hoc|iPhone
		{B8EAA241-1BCB-4D0B-96B0-29C242AEC333}.Ad-Hoc|x64.Build.0 = Ad-Hoc|iPhone
		{B8EAA241-1BCB-4D0B-96B0-29C242AEC333}.Ad-Hoc|x64.Deploy.0 = Ad-Hoc|iPhone
		{B8EAA241-1BCB-4D0B-96B0-29C242AEC333}.Ad-Hoc|x86.ActiveCfg = Ad-Hoc|iPhone
		{B8EAA241-1BCB-4D0B-96B0-29C242AEC333}.Ad-Hoc|x86.Build.0 = Ad-Hoc|iPhone
		{B8EAA241-1BCB-4D0B-96B0-29C242AEC333}.Ad-Hoc|x86.Deploy.0 = Ad-Hoc|iPhone
		{B8EAA241-1BCB-4D0B-96B0-29C242AEC333}.AppStore|Any CPU.ActiveCfg = AppStore|iPhone
		{B8EAA241-1BCB-4D0B-96B0-29C242AEC333}.AppStore|Any CPU.Build.0 = AppStore|iPhone
		{B8EAA241-1BCB-4D0B-96B0-29C242AEC333}.AppStore|Any CPU.Deploy.0 = AppStore|iPhone
		{B8EAA241-1BCB-4D0B-96B0-29C242AEC333}.AppStore|ARM.ActiveCfg = AppStore|iPhone
		{B8EAA241-1BCB-4D0B-96B0-29C242AEC333}.AppStore|ARM.Build.0 = AppStore|iPhone
		{B8EAA241-1BCB-4D0B-96B0-29C242AEC333}.AppStore|ARM.Deploy.0 = AppStore|iPhone
		{B8EAA241-1BCB-4D0B-96B0-29C242AEC333}.AppStore|iPhone.ActiveCfg = AppStore|iPhone
		{B8EAA241-1BCB-4D0B-96B0-29C242AEC333}.AppStore|iPhone.Build.0 = AppStore|iPhone
		{B8EAA241-1BCB-4D0B-96B0-29C242AEC333}.AppStore|iPhone.Deploy.0 = AppStore|iPhone
		{B8EAA241-1BCB-4D0B-96B0-29C242AEC333}.AppStore|iPhoneSimulator.ActiveCfg = AppStore|iPhoneSimulator
		{B8EAA241-1BCB-4D0B-96B0-29C242AEC333}.AppStore|iPhoneSimulator.Build.0 = AppStore|iPhoneSimulator
		{B8EAA241-1BCB-4D0B-96B0-29C242AEC333}.AppStore|iPhoneSimulator.Deploy.0 = AppStore|iPhoneSimulator
		{B8EAA241-1BCB-4D0B-96B0-29C242AEC333}.AppStore|x64.ActiveCfg = AppStore|iPhone
		{B8EAA241-1BCB-4D0B-96B0-29C242AEC333}.AppStore|x64.Build.0 = AppStore|iPhone
		{B8EAA241-1BCB-4D0B-96B0-29C242AEC333}.AppStore|x64.Deploy.0 = AppStore|iPhone
		{B8EAA241-1BCB-4D0B-96B0-29C242AEC333}.AppStore|x86.ActiveCfg = AppStore|iPhone
		{B8EAA241-1BCB-4D0B-96B0-29C242AEC333}.AppStore|x86.Build.0 = AppStore|iPhone
		{B8EAA241-1BCB-4D0B-96B0-29C242AEC333}.AppStore|x86.Deploy.0 = AppStore|iPhone
		{B8EAA241-1BCB-4D0B-96B0-29C242AEC333}.Debug|Any CPU.ActiveCfg = Debug|iPhoneSimulator
		{B8EAA241-1BCB-4D0B-96B0-29C242AEC333}.Debug|Any CPU.Build.0 = Debug|iPhoneSimulator
		{B8EAA241-1BCB-4D0B-96B0-29C242AEC333}.Debug|Any CPU.Deploy.0 = Debug|iPhoneSimulator
		{B8EAA241-1BCB-4D0B-96B0-29C242AEC333}.Debug|ARM.ActiveCfg = Debug|iPhone
		{B8EAA241-1BCB-4D0B-96B0-29C242AEC333}.Debug|ARM.Build.0 = Debug|iPhone
		{B8EAA241-1BCB-4D0B-96B0-29C242AEC333}.Debug|ARM.Deploy.0 = Debug|iPhone
		{B8EAA241-1BCB-4D0B-96B0-29C242AEC333}.Debug|iPhone.ActiveCfg = Debug|iPhone
		{B8EAA241-1BCB-4D0B-96B0-29C242AEC333}.Debug|iPhone.Build.0 = Debug|iPhone
		{B8EAA241-1BCB-4D0B-96B0-29C242AEC333}.Debug|iPhone.Deploy.0 = Debug|iPhone
		{B8EAA241-1BCB-4D0B-96B0-29C242AEC333}.Debug|iPhoneSimulator.ActiveCfg = Debug|iPhoneSimulator
		{B8EAA241-1BCB-4D0B-96B0-29C242AEC333}.Debug|iPhoneSimulator.Build.0 = Debug|iPhoneSimulator
		{B8EAA241-1BCB-4D0B-96B0-29C242AEC333}.Debug|iPhoneSimulator.Deploy.0 = Debug|iPhoneSimulator
		{B8EAA241-1BCB-4D0B-96B0-29C242AEC333}.Debug|x64.ActiveCfg = Debug|iPhone
		{B8EAA241-1BCB-4D0B-96B0-29C242AEC333}.Debug|x64.Build.0 = Debug|iPhone
		{B8EAA241-1BCB-4D0B-96B0-29C242AEC333}.Debug|x64.Deploy.0 = Debug|iPhone
		{B8EAA241-1BCB-4D0B-96B0-29C242AEC333}.Debug|x86.ActiveCfg = Debug|iPhone
		{B8EAA241-1BCB-4D0B-96B0-29C242AEC333}.Debug|x86.Build.0 = Debug|iPhone
		{B8EAA241-1BCB-4D0B-96B0-29C242AEC333}.Debug|x86.Deploy.0 = Debug|iPhone
		{B8EAA241-1BCB-4D0B-96B0-29C242AEC333}.Release|Any CPU.ActiveCfg = Release|iPhone
		{B8EAA241-1BCB-4D0B-96B0-29C242AEC333}.Release|Any CPU.Build.0 = Release|iPhone
		{B8EAA241-1BCB-4D0B-96B0-29C242AEC333}.Release|Any CPU.Deploy.0 = Release|iPhone
		{B8EAA241-1BCB-4D0B-96B0-29C242AEC333}.Release|ARM.ActiveCfg = Release|iPhone
		{B8EAA241-1BCB-4D0B-96B0-29C242AEC333}.Release|ARM.Build.0 = Release|iPhone
		{B8EAA241-1BCB-4D0B-96B0-29C242AEC333}.Release|ARM.Deploy.0 = Release|iPhone
		{B8EAA241-1BCB-4D0B-96B0-29C242AEC333}.Release|iPhone.ActiveCfg = Release|iPhone
		{B8EAA241-1BCB-4D0B-96B0-29C242AEC333}.Release|iPhone.Build.0 = Release|iPhone
		{B8EAA241-1BCB-4D0B-96B0-29C242AEC333}.Release|iPhone.Deploy.0 = Release|iPhone
		{B8EAA241-1BCB-4D0B-96B0-29C242AEC333}.Release|iPhoneSimulator.ActiveCfg = Release|iPhoneSimulator
		{B8EAA241-1BCB-4D0B-96B0-29C242AEC333}.Release|iPhoneSimulator.Build.0 = Release|iPhoneSimulator
		{B8EAA241-1BCB-4D0B-96B0-29C242AEC333}.Release|iPhoneSimulator.Deploy.0 = Release|iPhoneSimulator
		{B8EAA241-1BCB-4D0B-96B0-29C242AEC333}.Release|x64.ActiveCfg = Release|iPhone
		{B8EAA241-1BCB-4D0B-96B0-29C242AEC333}.Release|x64.Build.0 = Release|iPhone
		{B8EAA241-1BCB-4D0B-96B0-29C242AEC333}.Release|x64.Deploy.0 = Release|iPhone
		{B8EAA241-1BCB-4D0B-96B0-29C242AEC333}.Release|x86.ActiveCfg = Release|iPhone
		{B8EAA241-1BCB-4D0B-96B0-29C242AEC333}.Release|x86.Build.0 = Release|iPhone
		{B8EAA241-1BCB-4D0B-96B0-29C242AEC333}.Release|x86.Deploy.0 = Release|iPhone
		{A7E3B6EF-882C-4E7E-A9C1-49FD1F4226BF}.Ad-Hoc|Any CPU.ActiveCfg = Release|x86
		{A7E3B6EF-882C-4E7E-A9C1-49FD1F4226BF}.Ad-Hoc|Any CPU.Build.0 = Release|x86
		{A7E3B6EF-882C-4E7E-A9C1-49FD1F4226BF}.Ad-Hoc|Any CPU.Deploy.0 = Release|x86
		{A7E3B6EF-882C-4E7E-A9C1-49FD1F4226BF}.Ad-Hoc|ARM.ActiveCfg = Release|ARM
		{A7E3B6EF-882C-4E7E-A9C1-49FD1F4226BF}.Ad-Hoc|ARM.Build.0 = Release|ARM
		{A7E3B6EF-882C-4E7E-A9C1-49FD1F4226BF}.Ad-Hoc|ARM.Deploy.0 = Release|ARM
		{A7E3B6EF-882C-4E7E-A9C1-49FD1F4226BF}.Ad-Hoc|iPhone.ActiveCfg = Release|x86
		{A7E3B6EF-882C-4E7E-A9C1-49FD1F4226BF}.Ad-Hoc|iPhone.Build.0 = Release|x86
		{A7E3B6EF-882C-4E7E-A9C1-49FD1F4226BF}.Ad-Hoc|iPhone.Deploy.0 = Release|x86
		{A7E3B6EF-882C-4E7E-A9C1-49FD1F4226BF}.Ad-Hoc|iPhoneSimulator.ActiveCfg = Release|x86
		{A7E3B6EF-882C-4E7E-A9C1-49FD1F4226BF}.Ad-Hoc|iPhoneSimulator.Build.0 = Release|x86
		{A7E3B6EF-882C-4E7E-A9C1-49FD1F4226BF}.Ad-Hoc|iPhoneSimulator.Deploy.0 = Release|x86
		{A7E3B6EF-882C-4E7E-A9C1-49FD1F4226BF}.Ad-Hoc|x64.ActiveCfg = Release|x64
		{A7E3B6EF-882C-4E7E-A9C1-49FD1F4226BF}.Ad-Hoc|x64.Build.0 = Release|x64
		{A7E3B6EF-882C-4E7E-A9C1-49FD1F4226BF}.Ad-Hoc|x64.Deploy.0 = Release|x64
		{A7E3B6EF-882C-4E7E-A9C1-49FD1F4226BF}.Ad-Hoc|x86.ActiveCfg = Release|x86
		{A7E3B6EF-882C-4E7E-A9C1-49FD1F4226BF}.Ad-Hoc|x86.Build.0 = Release|x86
		{A7E3B6EF-882C-4E7E-A9C1-49FD1F4226BF}.Ad-Hoc|x86.Deploy.0 = Release|x86
		{A7E3B6EF-882C-4E7E-A9C1-49FD1F4226BF}.AppStore|Any CPU.ActiveCfg = Release|x86
		{A7E3B6EF-882C-4E7E-A9C1-49FD1F4226BF}.AppStore|Any CPU.Build.0 = Release|x86
		{A7E3B6EF-882C-4E7E-A9C1-49FD1F4226BF}.AppStore|Any CPU.Deploy.0 = Release|x86
		{A7E3B6EF-882C-4E7E-A9C1-49FD1F4226BF}.AppStore|ARM.ActiveCfg = Release|ARM
		{A7E3B6EF-882C-4E7E-A9C1-49FD1F4226BF}.AppStore|ARM.Build.0 = Release|ARM
		{A7E3B6EF-882C-4E7E-A9C1-49FD1F4226BF}.AppStore|ARM.Deploy.0 = Release|ARM
		{A7E3B6EF-882C-4E7E-A9C1-49FD1F4226BF}.AppStore|iPhone.ActiveCfg = Release|x86
		{A7E3B6EF-882C-4E7E-A9C1-49FD1F4226BF}.AppStore|iPhone.Build.0 = Release|x86
		{A7E3B6EF-882C-4E7E-A9C1-49FD1F4226BF}.AppStore|iPhone.Deploy.0 = Release|x86
		{A7E3B6EF-882C-4E7E-A9C1-49FD1F4226BF}.AppStore|iPhoneSimulator.ActiveCfg = Release|x86
		{A7E3B6EF-882C-4E7E-A9C1-49FD1F4226BF}.AppStore|iPhoneSimulator.Build.0 = Release|x86
		{A7E3B6EF-882C-4E7E-A9C1-49FD1F4226BF}.AppStore|iPhoneSimulator.Deploy.0 = Release|x86
		{A7E3B6EF-882C-4E7E-A9C1-49FD1F4226BF}.AppStore|x64.ActiveCfg = Release|x64
		{A7E3B6EF-882C-4E7E-A9C1-49FD1F4226BF}.AppStore|x64.Build.0 = Release|x64
		{A7E3B6EF-882C-4E7E-A9C1-49FD1F4226BF}.AppStore|x64.Deploy.0 = Release|x64
		{A7E3B6EF-882C-4E7E-A9C1-49FD1F4226BF}.AppStore|x86.ActiveCfg = Release|x86
		{A7E3B6EF-882C-4E7E-A9C1-49FD1F4226BF}.AppStore|x86.Build.0 = Release|x86
		{A7E3B6EF-882C-4E7E-A9C1-49FD1F4226BF}.AppStore|x86.Deploy.0 = Release|x86
		{A7E3B6EF-882C-4E7E-A9C1-49FD1F4226BF}.Debug|Any CPU.ActiveCfg = Debug|x86
		{A7E3B6EF-882C-4E7E-A9C1-49FD1F4226BF}.Debug|Any CPU.Build.0 = Debug|x86
		{A7E3B6EF-882C-4E7E-A9C1-49FD1F4226BF}.Debug|Any CPU.Deploy.0 = Debug|x86
		{A7E3B6EF-882C-4E7E-A9C1-49FD1F4226BF}.Debug|ARM.ActiveCfg = Debug|ARM
		{A7E3B6EF-882C-4E7E-A9C1-49FD1F4226BF}.Debug|ARM.Build.0 = Debug|ARM
		{A7E3B6EF-882C-4E7E-A9C1-49FD1F4226BF}.Debug|ARM.Deploy.0 = Debug|ARM
		{A7E3B6EF-882C-4E7E-A9C1-49FD1F4226BF}.Debug|iPhone.ActiveCfg = Debug|x86
		{A7E3B6EF-882C-4E7E-A9C1-49FD1F4226BF}.Debug|iPhone.Build.0 = Debug|x86
		{A7E3B6EF-882C-4E7E-A9C1-49FD1F4226BF}.Debug|iPhone.Deploy.0 = Debug|x86
		{A7E3B6EF-882C-4E7E-A9C1-49FD1F4226BF}.Debug|iPhoneSimulator.ActiveCfg = Debug|x86
		{A7E3B6EF-882C-4E7E-A9C1-49FD1F4226BF}.Debug|iPhoneSimulator.Build.0 = Debug|x86
		{A7E3B6EF-882C-4E7E-A9C1-49FD1F4226BF}.Debug|iPhoneSimulator.Deploy.0 = Debug|x86
		{A7E3B6EF-882C-4E7E-A9C1-49FD1F4226BF}.Debug|x64.ActiveCfg = Debug|x64
		{A7E3B6EF-882C-4E7E-A9C1-49FD1F4226BF}.Debug|x64.Build.0 = Debug|x64
		{A7E3B6EF-882C-4E7E-A9C1-49FD1F4226BF}.Debug|x64.Deploy.0 = Debug|x64
		{A7E3B6EF-882C-4E7E-A9C1-49FD1F4226BF}.Debug|x86.ActiveCfg = Debug|x86
		{A7E3B6EF-882C-4E7E-A9C1-49FD1F4226BF}.Debug|x86.Build.0 = Debug|x86
		{A7E3B6EF-882C-4E7E-A9C1-49FD1F4226BF}.Debug|x86.Deploy.0 = Debug|x86
		{A7E3B6EF-882C-4E7E-A9C1-49FD1F4226BF}.Release|Any CPU.ActiveCfg = Release|x86
		{A7E3B6EF-882C-4E7E-A9C1-49FD1F4226BF}.Release|Any CPU.Build.0 = Release|x86
		{A7E3B6EF-882C-4E7E-A9C1-49FD1F4226BF}.Release|Any CPU.Deploy.0 = Release|x86
		{A7E3B6EF-882C-4E7E-A9C1-49FD1F4226BF}.Release|ARM.ActiveCfg = Release|ARM
		{A7E3B6EF-882C-4E7E-A9C1-49FD1F4226BF}.Release|ARM.Build.0 = Release|ARM
		{A7E3B6EF-882C-4E7E-A9C1-49FD1F4226BF}.Release|ARM.Deploy.0 = Release|ARM
		{A7E3B6EF-882C-4E7E-A9C1-49FD1F4226BF}.Release|iPhone.ActiveCfg = Release|x86
		{A7E3B6EF-882C-4E7E-A9C1-49FD1F4226BF}.Release|iPhone.Build.0 = Release|x86
		{A7E3B6EF-882C-4E7E-A9C1-49FD1F4226BF}.Release|iPhone.Deploy.0 = Release|x86
		{A7E3B6EF-882C-4E7E-A9C1-49FD1F4226BF}.Release|iPhoneSimulator.ActiveCfg = Release|x86
		{A7E3B6EF-882C-4E7E-A9C1-49FD1F4226BF}.Release|iPhoneSimulator.Build.0 = Release|x86
		{A7E3B6EF-882C-4E7E-A9C1-49FD1F4226BF}.Release|iPhoneSimulator.Deploy.0 = Release|x86
		{A7E3B6EF-882C-4E7E-A9C1-49FD1F4226BF}.Release|x64.ActiveCfg = Release|x64
		{A7E3B6EF-882C-4E7E-A9C1-49FD1F4226BF}.Release|x64.Build.0 = Release|x64
		{A7E3B6EF-882C-4E7E-A9C1-49FD1F4226BF}.Release|x64.Deploy.0 = Release|x64
		{A7E3B6EF-882C-4E7E-A9C1-49FD1F4226BF}.Release|x86.ActiveCfg = Release|x86
		{A7E3B6EF-882C-4E7E-A9C1-49FD1F4226BF}.Release|x86.Build.0 = Release|x86
		{A7E3B6EF-882C-4E7E-A9C1-49FD1F4226BF}.Release|x86.Deploy.0 = Release|x86
		{B05F7061-2A62-4023-A730-64048A86C496}.Ad-Hoc|Any CPU.ActiveCfg = Debug|Any CPU
		{B05F7061-2A62-4023-A730-64048A86C496}.Ad-Hoc|Any CPU.Build.0 = Debug|Any CPU
		{B05F7061-2A62-4023-A730-64048A86C496}.Ad-Hoc|Any CPU.Deploy.0 = Debug|Any CPU
		{B05F7061-2A62-4023-A730-64048A86C496}.Ad-Hoc|ARM.ActiveCfg = Debug|Any CPU
		{B05F7061-2A62-4023-A730-64048A86C496}.Ad-Hoc|ARM.Build.0 = Debug|Any CPU
		{B05F7061-2A62-4023-A730-64048A86C496}.Ad-Hoc|ARM.Deploy.0 = Debug|Any CPU
		{B05F7061-2A62-4023-A730-64048A86C496}.Ad-Hoc|iPhone.ActiveCfg = Debug|Any CPU
		{B05F7061-2A62-4023-A730-64048A86C496}.Ad-Hoc|iPhone.Build.0 = Debug|Any CPU
		{B05F7061-2A62-4023-A730-64048A86C496}.Ad-Hoc|iPhone.Deploy.0 = Debug|Any CPU
		{B05F7061-2A62-4023-A730-64048A86C496}.Ad-Hoc|iPhoneSimulator.ActiveCfg = Debug|Any CPU
		{B05F7061-2A62-4023-A730-64048A86C496}.Ad-Hoc|iPhoneSimulator.Build.0 = Debug|Any CPU
		{B05F7061-2A62-4023-A730-64048A86C496}.Ad-Hoc|iPhoneSimulator.Deploy.0 = Debug|Any CPU
		{B05F7061-2A62-4023-A730-64048A86C496}.Ad-Hoc|x64.ActiveCfg = Debug|Any CPU
		{B05F7061-2A62-4023-A730-64048A86C496}.Ad-Hoc|x64.Build.0 = Debug|Any CPU
		{B05F7061-2A62-4023-A730-64048A86C496}.Ad-Hoc|x64.Deploy.0 = Debug|Any CPU
		{B05F7061-2A62-4023-A730-64048A86C496}.Ad-Hoc|x86.ActiveCfg = Debug|Any CPU
		{B05F7061-2A62-4023-A730-64048A86C496}.Ad-Hoc|x86.Build.0 = Debug|Any CPU
		{B05F7061-2A62-4023-A730-64048A86C496}.Ad-Hoc|x86.Deploy.0 = Debug|Any CPU
		{B05F7061-2A62-4023-A730-64048A86C496}.AppStore|Any CPU.ActiveCfg = Debug|Any CPU
		{B05F7061-2A62-4023-A730-64048A86C496}.AppStore|Any CPU.Build.0 = Debug|Any CPU
		{B05F7061-2A62-4023-A730-64048A86C496}.AppStore|Any CPU.Deploy.0 = Debug|Any CPU
		{B05F7061-2A62-4023-A730-64048A86C496}.AppStore|ARM.ActiveCfg = Debug|Any CPU
		{B05F7061-2A62-4023-A730-64048A86C496}.AppStore|ARM.Build.0 = Debug|Any CPU
		{B05F7061-2A62-4023-A730-64048A86C496}.AppStore|ARM.Deploy.0 = Debug|Any CPU
		{B05F7061-2A62-4023-A730-64048A86C496}.AppStore|iPhone.ActiveCfg = Debug|Any CPU
		{B05F7061-2A62-4023-A730-64048A86C496}.AppStore|iPhone.Build.0 = Debug|Any CPU
		{B05F7061-2A62-4023-A730-64048A86C496}.AppStore|iPhone.Deploy.0 = Debug|Any CPU
		{B05F7061-2A62-4023-A730-64048A86C496}.AppStore|iPhoneSimulator.ActiveCfg = Debug|Any CPU
		{B05F7061-2A62-4023-A730-64048A86C496}.AppStore|iPhoneSimulator.Build.0 = Debug|Any CPU
		{B05F7061-2A62-4023-A730-64048A86C496}.AppStore|iPhoneSimulator.Deploy.0 = Debug|Any CPU
		{B05F7061-2A62-4023-A730-64048A86C496}.AppStore|x64.ActiveCfg = Debug|Any CPU
		{B05F7061-2A62-4023-A730-64048A86C496}.AppStore|x64.Build.0 = Debug|Any CPU
		{B05F7061-2A62-4023-A730-64048A86C496}.AppStore|x64.Deploy.0 = Debug|Any CPU
		{B05F7061-2A62-4023-A730-64048A86C496}.AppStore|x86.ActiveCfg = Debug|Any CPU
		{B05F7061-2A62-4023-A730-64048A86C496}.AppStore|x86.Build.0 = Debug|Any CPU
		{B05F7061-2A62-4023-A730-64048A86C496}.AppStore|x86.Deploy.0 = Debug|Any CPU
		{B05F7061-2A62-4023-A730-64048A86C496}.Debug|Any CPU.ActiveCfg = Debug|Any CPU
		{B05F7061-2A62-4023-A730-64048A86C496}.Debug|Any CPU.Build.0 = Debug|Any CPU
		{B05F7061-2A62-4023-A730-64048A86C496}.Debug|Any CPU.Deploy.0 = Debug|Any CPU
		{B05F7061-2A62-4023-A730-64048A86C496}.Debug|ARM.ActiveCfg = Debug|Any CPU
		{B05F7061-2A62-4023-A730-64048A86C496}.Debug|ARM.Build.0 = Debug|Any CPU
		{B05F7061-2A62-4023-A730-64048A86C496}.Debug|ARM.Deploy.0 = Debug|Any CPU
		{B05F7061-2A62-4023-A730-64048A86C496}.Debug|iPhone.ActiveCfg = Debug|Any CPU
		{B05F7061-2A62-4023-A730-64048A86C496}.Debug|iPhone.Build.0 = Debug|Any CPU
		{B05F7061-2A62-4023-A730-64048A86C496}.Debug|iPhone.Deploy.0 = Debug|Any CPU
		{B05F7061-2A62-4023-A730-64048A86C496}.Debug|iPhoneSimulator.ActiveCfg = Debug|Any CPU
		{B05F7061-2A62-4023-A730-64048A86C496}.Debug|iPhoneSimulator.Build.0 = Debug|Any CPU
		{B05F7061-2A62-4023-A730-64048A86C496}.Debug|iPhoneSimulator.Deploy.0 = Debug|Any CPU
		{B05F7061-2A62-4023-A730-64048A86C496}.Debug|x64.ActiveCfg = Debug|Any CPU
		{B05F7061-2A62-4023-A730-64048A86C496}.Debug|x64.Build.0 = Debug|Any CPU
		{B05F7061-2A62-4023-A730-64048A86C496}.Debug|x64.Deploy.0 = Debug|Any CPU
		{B05F7061-2A62-4023-A730-64048A86C496}.Debug|x86.ActiveCfg = Debug|Any CPU
		{B05F7061-2A62-4023-A730-64048A86C496}.Debug|x86.Build.0 = Debug|Any CPU
		{B05F7061-2A62-4023-A730-64048A86C496}.Debug|x86.Deploy.0 = Debug|Any CPU
		{B05F7061-2A62-4023-A730-64048A86C496}.Release|Any CPU.ActiveCfg = Release|Any CPU
		{B05F7061-2A62-4023-A730-64048A86C496}.Release|Any CPU.Build.0 = Release|Any CPU
		{B05F7061-2A62-4023-A730-64048A86C496}.Release|Any CPU.Deploy.0 = Release|Any CPU
		{B05F7061-2A62-4023-A730-64048A86C496}.Release|ARM.ActiveCfg = Release|Any CPU
		{B05F7061-2A62-4023-A730-64048A86C496}.Release|ARM.Build.0 = Release|Any CPU
		{B05F7061-2A62-4023-A730-64048A86C496}.Release|ARM.Deploy.0 = Release|Any CPU
		{B05F7061-2A62-4023-A730-64048A86C496}.Release|iPhone.ActiveCfg = Release|Any CPU
		{B05F7061-2A62-4023-A730-64048A86C496}.Release|iPhone.Build.0 = Release|Any CPU
		{B05F7061-2A62-4023-A730-64048A86C496}.Release|iPhone.Deploy.0 = Release|Any CPU
		{B05F7061-2A62-4023-A730-64048A86C496}.Release|iPhoneSimulator.ActiveCfg = Release|Any CPU
		{B05F7061-2A62-4023-A730-64048A86C496}.Release|iPhoneSimulator.Build.0 = Release|Any CPU
		{B05F7061-2A62-4023-A730-64048A86C496}.Release|iPhoneSimulator.Deploy.0 = Release|Any CPU
		{B05F7061-2A62-4023-A730-64048A86C496}.Release|x64.ActiveCfg = Release|Any CPU
		{B05F7061-2A62-4023-A730-64048A86C496}.Release|x64.Build.0 = Release|Any CPU
		{B05F7061-2A62-4023-A730-64048A86C496}.Release|x64.Deploy.0 = Release|Any CPU
		{B05F7061-2A62-4023-A730-64048A86C496}.Release|x86.ActiveCfg = Release|Any CPU
		{B05F7061-2A62-4023-A730-64048A86C496}.Release|x86.Build.0 = Release|Any CPU
		{B05F7061-2A62-4023-A730-64048A86C496}.Release|x86.Deploy.0 = Release|Any CPU
	EndGlobalSection
	GlobalSection(SolutionProperties) = preSolution
		HideSolutionNode = FALSE
	EndGlobalSection
	GlobalSection(ExtensibilityGlobals) = postSolution
		SolutionGuid = {2C27A1EF-8795-40F9-AC24-BD74C6DA415D}
	EndGlobalSection
EndGlobal
